{
  "name": "wait-until-exist",
  "version": "1.0.0",
  "lockfileVersion": 3,
  "requires": true,
  "packages": {
    "": {
      "name": "wait-until-exist",
      "version": "1.0.0",
      "license": "MIT",
      "dependencies": {
        "wait-until-exist": "^1.0.0"
      }
    },
    "node_modules/wait-until-exist": {
      "version": "1.0.0",
      "resolved": "https://registry.npmjs.org/wait-until-exist/-/wait-until-exist-1.0.0.tgz",
      "integrity": "sha512-rZiW/jFMhn9H1GPHs5TRA6g9pStlK/8MMYhb7if2GESih75/3mFlC63AYMM4DrUAT5HKNfi0+U8Mq2ClmEQEuw=="
    }
  }
}
